Microsoft Visual Studio Solution File, Format Version 12.00
# Visual Studio Version 17
VisualStudioVersion = 17.5.2.0
MinimumVisualStudioVersion = 10.0.40219.1
Project("{FAE04EC0-301F-11D3-BF4B-00C04F79EFBC}") = "Desafio_AeC", "Desafio_AeC.csproj", "{BE760713-08A4-E972-7B15-5FE6118CC5EC}"
EndProject
Global
	GlobalSection(SolutionConfigurationPlatforms) = preSolution
		Debug|Any CPU = Debug|Any CPU
		Release|Any CPU = Release|Any CPU
	EndGlobalSection
	GlobalSection(ProjectConfigurationPlatforms) = postSolution
		{BE760713-08A4-E972-7B15-5FE6118CC5EC}.Debug|Any CPU.ActiveCfg = Debug|Any CPU
		{BE760713-08A4-E972-7B15-5FE6118CC5EC}.Debug|Any CPU.Build.0 = Debug|Any CPU
		{BE760713-08A4-E972-7B15-5FE6118CC5EC}.Release|Any CPU.ActiveCfg = Release|Any CPU
		{BE760713-08A4-E972-7B15-5FE6118CC5EC}.Release|Any CPU.Build.0 = Release|Any CPU
	EndGlobalSection
	GlobalSection(SolutionProperties) = preSolution
		HideSolutionNode = FALSE
	EndGlobalSection
	GlobalSection(ExtensibilityGlobals) = postSolution
		SolutionGuid = {C9B9FF16-D3AB-4345-8001-24E34F978C3A}
	EndGlobalSection
EndGlobal
